
Microsoft Visual Studio Solution File, Format Version 12.00
Project("{FAE04EC0-301F-11D3-BF4B-00C04F79EFBC}") = "KaspiShopClient", "src\KaspiShopClient\KaspiShopClient.csproj", "{982B28CA-7C44-4869-A897-A544387DD57B}"
EndProject
Project("{2150E333-8FDC-42A3-9474-1A3956D46DE8}") = "src", "src", "{3A4C0988-683A-4C0A-BF60-D662A4A60A4C}"
EndProject
Global
	GlobalSection(SolutionConfigurationPlatforms) = preSolution
		Debug|Any CPU = Debug|Any CPU
		Release|Any CPU = Release|Any CPU
	EndGlobalSection
	GlobalSection(ProjectConfigurationPlatforms) = postSolution
		{982B28CA-7C44-4869-A897-A544387DD57B}.Debug|Any CPU.ActiveCfg = Debug|Any CPU
		{982B28CA-7C44-4869-A897-A544387DD57B}.Debug|Any CPU.Build.0 = Debug|Any CPU
		{982B28CA-7C44-4869-A897-A544387DD57B}.Release|Any CPU.ActiveCfg = Release|Any CPU
		{982B28CA-7C44-4869-A897-A544387DD57B}.Release|Any CPU.Build.0 = Release|Any CPU
	EndGlobalSection
	GlobalSection(NestedProjects) = preSolution
		{982B28CA-7C44-4869-A897-A544387DD57B} = {3A4C0988-683A-4C0A-BF60-D662A4A60A4C}
	EndGlobalSection
EndGlobal
